{
  "name": "@reactive-cache/core",
  "version": "0.1.8",
  "lockfileVersion": 3,
  "requires": true,
  "packages": {
    "": {
      "name": "@reactive-cache/core",
      "version": "0.1.8",
      "license": "ISC",
      "dependencies": {
        "@angular/core": "^18.2.0",
        "rxjs": "^7.8.1"
      },
      "devDependencies": {
        "@reactive-cache/core": "^0.1.4",
        "typescript": "^5.5.3"
      }
    },
    "node_modules/@angular/core": {
      "version": "18.2.0",
      "resolved": "https://registry.npmjs.org/@angular/core/-/core-18.2.0.tgz",
      "integrity": "sha512-7+4wXfeAk1TnG3MGho2gpBI5XHxeSRWzLK2rC5qyyRbmMV+GrIgf1HqFjQ4S02rydkQvGpjqQHtO1PYJnyn4bg==",
      "dependencies": {
        "tslib": "^2.3.0"
      },
      "engines": {
        "node": "^18.19.1 || ^20.11.1 || >=22.0.0"
      },
      "peerDependencies": {
        "rxjs": "^6.5.3 || ^7.4.0",
        "zone.js": "~0.14.10"
      }
    },
    "node_modules/@reactive-cache/core": {
      "version": "0.1.4",
      "resolved": "https://registry.npmjs.org/@reactive-cache/core/-/core-0.1.4.tgz",
      "integrity": "sha512-AGaefFphkriPaVCk1DTakTQ4ZsVORMbyY2rgPPyBQ/DmKA/vsEYy/j9tPRnLis1E4dRrEj1AYTFv/FpqSS+NOA==",
      "dev": true,
      "dependencies": {
        "@angular/core": "^18.2.0",
        "rxjs": "^7.8.1"
      }
    },
    "node_modules/rxjs": {
      "version": "7.8.1",
      "resolved": "https://registry.npmjs.org/rxjs/-/rxjs-7.8.1.tgz",
      "integrity": "sha512-AA3TVj+0A2iuIoQkWEK/tqFjBq2j+6PO6Y0zJcvzLAFhEFIO3HL0vls9hWLncZbAAbK0mar7oZ4V079I/qPMxg==",
      "dependencies": {
        "tslib": "^2.1.0"
      }
    },
    "node_modules/tslib": {
      "version": "2.6.3",
      "resolved": "https://registry.npmjs.org/tslib/-/tslib-2.6.3.tgz",
      "integrity": "sha512-xNvxJEOUiWPGhUuUdQgAJPKOOJfGnIyKySOc09XkKsgdUV/3E2zvwZYdejjmRgPCgcym1juLH3226yA7sEFJKQ=="
    },
    "node_modules/typescript": {
      "version": "5.5.4",
      "resolved": "https://registry.npmjs.org/typescript/-/typescript-5.5.4.tgz",
      "integrity": "sha512-Mtq29sKDAEYP7aljRgtPOpTvOfbwRWlS6dPRzwjdE+C0R4brX/GUyhHSecbHMFLNBLcJIPt9nl9yG5TZ1weH+Q==",
      "dev": true,
      "bin": {
        "tsc": "bin/tsc",
        "tsserver": "bin/tsserver"
      },
      "engines": {
        "node": ">=14.17"
      }
    },
    "node_modules/zone.js": {
      "version": "0.14.10",
      "resolved": "https://registry.npmjs.org/zone.js/-/zone.js-0.14.10.tgz",
      "integrity": "sha512-YGAhaO7J5ywOXW6InXNlLmfU194F8lVgu7bRntUF3TiG8Y3nBK0x1UJJuHUP/e8IyihkjCYqhCScpSwnlaSRkQ==",
      "peer": true
    }
  }
}
